github.com/alexedwards/scs/mysqlstore v0.0.0-20251002162104-209de6e426de h1:/Y/iIFgV1Ofvk4Euv5gUQ74vgqFZOQ1wlJQ3yz/zYGs=
github.com/alexedwards/scs/mysqlstore v0.0.0-20251002162104-209de6e426de/go.mod h1:p8jK3D80sw1PFrCSdlcJF1O75bp55HqbgDyyCLM0FrE=
github.com/alexedwards/scs/v2 v2.9.0 h1:xa05mVpwTBm1iLeTMNFfAWpKUm4fXAW7CeAViqBVS90=
github.com/alexedwards/scs/v2 v2.9.0/go.mod h1:ToaROZxyKukJKT/xLcVQAChi5k6+Pn1Gvmdl7h3RRj8=
github.com/go-sql-driver/mysql v1.7.1/go.mod h1:OXbVy3sEdcQ2Doequ6Z5BW6fXNQTmx+9S1MCJN5yJMI=
